// !$*UTF8*$!
{
	archiveVersion = 1;
	classes = {
	};
	objectVersion = 56;
	objects = {

/* Begin PBXBuildFile section */
		7F1C1EA22AD8853200702EE3 /* CustomCircleView.swift in Sources */ = {isa = PBXBuildFile; fileRef = 7F1C1EA12AD8853200702EE3 /* CustomCircleView.swift */; };
		7F1C1EA42AD886FD00702EE3 /* MotionAnimationView.swift in Sources */ = {isa = PBXBuildFile; fileRef = 7F1C1EA32AD886FD00702EE3 /* MotionAnimationView.swift */; };
		7F1C1EA72AD88DFC00702EE3 /* SettingsView.swift in Sources */ = {isa = PBXBuildFile; fileRef = 7F1C1EA62AD88DFC00702EE3 /* SettingsView.swift */; };
		7F1C1EA92AD89FB900702EE3 /* CustomListRowView.swift in Sources */ = {isa = PBXBuildFile; fileRef = 7F1C1EA82AD89FB900702EE3 /* CustomListRowView.swift */; };
		7FE2635A2AD805CE0012AC9B /* HikeApp.swift in Sources */ = {isa = PBXBuildFile; fileRef = 7FE263592AD805CE0012AC9B /* HikeApp.swift */; };
		7FE2635C2AD805CE0012AC9B /* ContentView.swift in Sources */ = {isa = PBXBuildFile; fileRef = 7FE2635B2AD805CE0012AC9B /* ContentView.swift */; };
		7FE2635E2AD805D00012AC9B /* Assets.xcassets in Resources */ = {isa = PBXBuildFile; fileRef = 7FE2635D2AD805D00012AC9B /* Assets.xcassets */; };
		7FE263612AD805D00012AC9B /* Preview Assets.xcassets in Resources */ = {isa = PBXBuildFile; fileRef = 7FE263602AD805D00012AC9B /* Preview Assets.xcassets */; };
		7FE263682AD80B6B0012AC9B /* CardView.swift in Sources */ = {isa = PBXBuildFile; fileRef = 7FE263672AD80B6B0012AC9B /* CardView.swift */; };
		7FE2636B2AD80D650012AC9B /* CustomBackgroundView.swift in Sources */ = {isa = PBXBuildFile; fileRef = 7FE2636A2AD80D650012AC9B /* CustomBackgroundView.swift */; };
		7FE2636E2AD80FB80012AC9B /* ColorExtension.swift in Sources */ = {isa = PBXBuildFile; fileRef = 7FE2636D2AD80FB80012AC9B /* ColorExtension.swift */; };
		7FE263702AD82EFA0012AC9B /* CustomButtonView.swift in Sources */ = {isa = PBXBuildFile; fileRef = 7FE2636F2AD82EFA0012AC9B /* CustomButtonView.swift */; };
		7FE263722AD836390012AC9B /* GradientButtonStyle.swift in Sources */ = {isa = PBXBuildFile; fileRef = 7FE263712AD836390012AC9B /* GradientButtonStyle.swift */; };
/* End PBXBuildFile section */

/* Begin PBXFileReference section */
		7F1C1EA12AD8853200702EE3 /* CustomCircleView.swift */ = {isa = PBXFileReference; lastKnownFileType = sourcecode.swift; path = CustomCircleView.swift; sourceTree = "<group>"; };
		7F1C1EA32AD886FD00702EE3 /* MotionAnimationView.swift */ = {isa = PBXFileReference; lastKnownFileType = sourcecode.swift; path = MotionAnimationView.swift; sourceTree = "<group>"; };
		7F1C1EA62AD88DFC00702EE3 /* SettingsView.swift */ = {isa = PBXFileReference; lastKnownFileType = sourcecode.swift; path = SettingsView.swift; sourceTree = "<group>"; };
		7F1C1EA82AD89FB900702EE3 /* CustomListRowView.swift */ = {isa = PBXFileReference; lastKnownFileType = sourcecode.swift; path = CustomListRowView.swift; sourceTree = "<group>"; };
		7FE263562AD805CE0012AC9B /* Hike.app */ = {isa = PBXFileReference; explicitFileType = wrapper.application; includeInIndex = 0; path = Hike.app; sourceTree = BUILT_PRODUCTS_DIR; };
		7FE263592AD805CE0012AC9B /* HikeApp.swift */ = {isa = PBXFileReference; lastKnownFileType = sourcecode.swift; path = HikeApp.swift; sourceTree = "<group>"; };
		7FE2635B2AD805CE0012AC9B /* ContentView.swift */ = {isa = PBXFileReference; lastKnownFileType = sourcecode.swift; path = ContentView.swift; sourceTree = "<group>"; };
		7FE2635D2AD805D00012AC9B /* Assets.xcassets */ = {isa = PBXFileReference; lastKnownFileType = folder.assetcatalog; path = Assets.xcassets; sourceTree = "<group>"; };
		7FE263602AD805D00012AC9B /* Preview Assets.xcassets */ = {isa = PBXFileReference; lastKnownFileType = folder.assetcatalog; path = "Preview Assets.xcassets"; sourceTree = "<group>"; };
		7FE263672AD80B6B0012AC9B /* CardView.swift */ = {isa = PBXFileReference; lastKnownFileType = sourcecode.swift; path = CardView.swift; sourceTree = "<group>"; };
		7FE2636A2AD80D650012AC9B /* CustomBackgroundView.swift */ = {isa = PBXFileReference; lastKnownFileType = sourcecode.swift; path = CustomBackgroundView.swift; sourceTree = "<group>"; };
		7FE2636D2AD80FB80012AC9B /* ColorExtension.swift */ = {isa = PBXFileReference; lastKnownFileType = sourcecode.swift; path = ColorExtension.swift; sourceTree = "<group>"; };
		7FE2636F2AD82EFA0012AC9B /* CustomButtonView.swift */ = {isa = PBXFileReference; lastKnownFileType = sourcecode.swift; path = CustomButtonView.swift; sourceTree = "<group>"; };
		7FE263712AD836390012AC9B /* GradientButtonStyle.swift */ = {isa = PBXFileReference; lastKnownFileType = sourcecode.swift; path = GradientButtonStyle.swift; sourceTree = "<group>"; };
/* End PBXFileReference section */

/* Begin PBXFrameworksBuildPhase section */
		7FE263532AD805CE0012AC9B /* Frameworks */ = {
			isa = PBXFrameworksBuildPhase;
			buildActionMask = 2147483647;
			files = (
			);
			runOnlyForDeploymentPostprocessing = 0;
		};
/* End PBXFrameworksBuildPhase section */

/* Begin PBXGroup section */
		7F1C1EA52AD88DE100702EE3 /* Screen */ = {
			isa = PBXGroup;
			children = (
				7FE2635B2AD805CE0012AC9B /* ContentView.swift */,
				7F1C1EA62AD88DFC00702EE3 /* SettingsView.swift */,
			);
			path = Screen;
			sourceTree = "<group>";
		};
		7FE2634D2AD805CE0012AC9B = {
			isa = PBXGroup;
			children = (
				7FE263582AD805CE0012AC9B /* Hike */,
				7FE263572AD805CE0012AC9B /* Products */,
			);
			sourceTree = "<group>";
		};
		7FE263572AD805CE0012AC9B /* Products */ = {
			isa = PBXGroup;
			children = (
				7FE263562AD805CE0012AC9B /* Hike.app */,
			);
			name = Products;
			sourceTree = "<group>";
		};
		7FE263582AD805CE0012AC9B /* Hike */ = {
			isa = PBXGroup;
			children = (
				7FE263692AD80D4C0012AC9B /* Component */,
				7FE2636C2AD80F870012AC9B /* Utility */,
				7FE2635F2AD805D00012AC9B /* Preview Content */,
				7FE263592AD805CE0012AC9B /* HikeApp.swift */,
				7F1C1EA52AD88DE100702EE3 /* Screen */,
				7FE2635D2AD805D00012AC9B /* Assets.xcassets */,
			);
			path = Hike;
			sourceTree = "<group>";
		};
		7FE2635F2AD805D00012AC9B /* Preview Content */ = {
			isa = PBXGroup;
			children = (
				7FE263602AD805D00012AC9B /* Preview Assets.xcassets */,
			);
			path = "Preview Content";
			sourceTree = "<group>";
		};
		7FE263692AD80D4C0012AC9B /* Component */ = {
			isa = PBXGroup;
			children = (
				7FE263672AD80B6B0012AC9B /* CardView.swift */,
				7FE2636A2AD80D650012AC9B /* CustomBackgroundView.swift */,
				7FE2636F2AD82EFA0012AC9B /* CustomButtonView.swift */,
				7F1C1EA12AD8853200702EE3 /* CustomCircleView.swift */,
				7F1C1EA32AD886FD00702EE3 /* MotionAnimationView.swift */,
				7F1C1EA82AD89FB900702EE3 /* CustomListRowView.swift */,
			);
			path = Component;
			sourceTree = "<group>";
		};
		7FE2636C2AD80F870012AC9B /* Utility */ = {
			isa = PBXGroup;
			children = (
				7FE2636D2AD80FB80012AC9B /* ColorExtension.swift */,
				7FE263712AD836390012AC9B /* GradientButtonStyle.swift */,
			);
			path = Utility;
			sourceTree = "<group>";
		};
/* End PBXGroup section */

/* Begin PBXNativeTarget section */
		7FE263552AD805CE0012AC9B /* Hike */ = {
			isa = PBXNativeTarget;
			buildConfigurationList = 7FE263642AD805D00012AC9B /* Build configuration list for PBXNativeTarget "Hike" */;
			buildPhases = (
				7FE263522AD805CE0012AC9B /* Sources */,
				7FE263532AD805CE0012AC9B /* Frameworks */,
				7FE263542AD805CE0012AC9B /* Resources */,
			);
			buildRules = (
			);
			dependencies = (
			);
			name = Hike;
			productName = Hike;
			productReference = 7FE263562AD805CE0012AC9B /* Hike.app */;
			productType = "com.apple.product-type.application";
		};
/* End PBXNativeTarget section */

/* Begin PBXProject section */
		7FE2634E2AD805CE0012AC9B /* Project object */ = {
			isa = PBXProject;
			attributes = {
				BuildIndependentTargetsInParallel = 1;
				LastSwiftUpdateCheck = 1500;
				LastUpgradeCheck = 1500;
				TargetAttributes = {
					7FE263552AD805CE0012AC9B = {
						CreatedOnToolsVersion = 15.0;
					};
				};
			};
			buildConfigurationList = 7FE263512AD805CE0012AC9B /* Build configuration list for PBXProject "Hike" */;
			compatibilityVersion = "Xcode 14.0";
			developmentRegion = en;
			hasScannedForEncodings = 0;
			knownRegions = (
				en,
				Base,
			);
			mainGroup = 7FE2634D2AD805CE0012AC9B;
			productRefGroup = 7FE263572AD805CE0012AC9B /* Products */;
			projectDirPath = "";
			projectRoot = "";
			targets = (
				7FE263552AD805CE0012AC9B /* Hike */,
			);
		};
/* End PBXProject section */

/* Begin PBXResourcesBuildPhase section */
		7FE263542AD805CE0012AC9B /* Resources */ = {
			isa = PBXResourcesBuildPhase;
			buildActionMask = 2147483647;
			files = (
				7FE263612AD805D00012AC9B /* Preview Assets.xcassets in Resources */,
				7FE2635E2AD805D00012AC9B /* Assets.xcassets in Resources */,
			);
			runOnlyForDeploymentPostprocessing = 0;
		};
/* End PBXResourcesBuildPhase section */

/* Begin PBXSourcesBuildPhase section */
		7FE263522AD805CE0012AC9B /* Sources */ = {
			isa = PBXSourcesBuildPhase;
			buildActionMask = 2147483647;
			files = (
				7FE2635C2AD805CE0012AC9B /* ContentView.swift in Sources */,
				7F1C1EA22AD8853200702EE3 /* CustomCircleView.swift in Sources */,
				7F1C1EA92AD89FB900702EE3 /* CustomListRowView.swift in Sources */,
				7FE263682AD80B6B0012AC9B /* CardView.swift in Sources */,
				7FE2635A2AD805CE0012AC9B /* HikeApp.swift in Sources */,
				7FE263702AD82EFA0012AC9B /* CustomButtonView.swift in Sources */,
				7F1C1EA72AD88DFC00702EE3 /* SettingsView.swift in Sources */,
				7FE263722AD836390012AC9B /* GradientButtonStyle.swift in Sources */,
				7F1C1EA42AD886FD00702EE3 /* MotionAnimationView.swift in Sources */,
				7FE2636B2AD80D650012AC9B /* CustomBackgroundView.swift in Sources */,
				7FE2636E2AD80FB80012AC9B /* ColorExtension.swift in Sources */,
			);
			runOnlyForDeploymentPostprocessing = 0;
		};
/* End PBXSourcesBuildPhase section */

/* Begin XCBuildConfiguration section */
		7FE263622AD805D00012AC9B /* Debug */ = {
			isa = XCBuildConfiguration;
			buildSettings = {
				ALWAYS_SEARCH_USER_PATHS = NO;
				ASSETCATALOG_COMPILER_GENERATE_SWIFT_ASSET_SYMBOL_EXTENSIONS = YES;
				CLANG_ANALYZER_NONNULL = YES;
				CLANG_ANALYZER_NUMBER_OBJECT_CONVERSION = YES_AGGRESSIVE;
				CLANG_CXX_LANGUAGE_STANDARD = "gnu++20";
				CLANG_ENABLE_MODULES = YES;
				CLANG_ENABLE_OBJC_ARC = YES;
				CLANG_ENABLE_OBJC_WEAK = YES;
				CLANG_WARN_BLOCK_CAPTURE_AUTORELEASING = YES;
				CLANG_WARN_BOOL_CONVERSION = YES;
				CLANG_WARN_COMMA = YES;
				CLANG_WARN_CONSTANT_CONVERSION = YES;
				CLANG_WARN_DEPRECATED_OBJC_IMPLEMENTATIONS = YES;
				CLANG_WARN_DIRECT_OBJC_ISA_USAGE = YES_ERROR;
				CLANG_WARN_DOCUMENTATION_COMMENTS = YES;
				CLANG_WARN_EMPTY_BODY = YES;
				CLANG_WARN_ENUM_CONVERSION = YES;
				CLANG_WARN_INFINITE_RECURSION = YES;
				CLANG_WARN_INT_CONVERSION = YES;
				CLANG_WARN_NON_LITERAL_NULL_CONVERSION = YES;
				CLANG_WARN_OBJC_IMPLICIT_RETAIN_SELF = YES;
				CLANG_WARN_OBJC_LITERAL_CONVERSION = YES;
				CLANG_WARN_OBJC_ROOT_CLASS = YES_ERROR;
				CLANG_WARN_QUOTED_INCLUDE_IN_FRAMEWORK_HEADER = YES;
				CLANG_WARN_RANGE_LOOP_ANALYSIS = YES;
				CLANG_WARN_STRICT_PROTOTYPES = YES;
				CLANG_WARN_SUSPICIOUS_MOVE = YES;
				CLANG_WARN_UNGUARDED_AVAILABILITY = YES_AGGRESSIVE;
				CLANG_WARN_UNREACHABLE_CODE = YES;
				CLANG_WARN__DUPLICATE_METHOD_MATCH = YES;
				COPY_PHASE_STRIP = NO;
				DEBUG_INFORMATION_FORMAT = dwarf;
				ENABLE_STRICT_OBJC_MSGSEND = YES;
				ENABLE_TESTABILITY = YES;
				ENABLE_USER_SCRIPT_SANDBOXING = YES;
				GCC_C_LANGUAGE_STANDARD = gnu17;
				GCC_DYNAMIC_NO_PIC = NO;
				GCC_NO_COMMON_BLOCKS = YES;
				GCC_OPTIMIZATION_LEVEL = 0;
				GCC_PREPROCESSOR_DEFINITIONS = (
					"DEBUG=1",
					"$(inherited)",
				);
				GCC_WARN_64_TO_32_BIT_CONVERSION = YES;
				GCC_WARN_ABOUT_RETURN_TYPE = YES_ERROR;
				GCC_WARN_UNDECLARED_SELECTOR = YES;
				GCC_WARN_UNINITIALIZED_AUTOS = YES_AGGRESSIVE;
				GCC_WARN_UNUSED_FUNCTION = YES;
				GCC_WARN_UNUSED_VARIABLE = YES;
				IPHONEOS_DEPLOYMENT_TARGET = 17.0;
				LOCALIZATION_PREFERS_STRING_CATALOGS = YES;
				MTL_ENABLE_DEBUG_INFO = INCLUDE_SOURCE;
				MTL_FAST_MATH = YES;
				ONLY_ACTIVE_ARCH = YES;
				SDKROOT = iphoneos;
				SWIFT_ACTIVE_COMPILATION_CONDITIONS = "DEBUG $(inherited)";
				SWIFT_OPTIMIZATION_LEVEL = "-Onone";
			};
			name = Debug;
		};
		7FE263632AD805D00012AC9B /* Release */ = {
			isa = XCBuildConfiguration;
			buildSettings = {
				ALWAYS_SEARCH_USER_PATHS = NO;
				ASSETCATALOG_COMPILER_GENERATE_SWIFT_ASSET_SYMBOL_EXTENSIONS = YES;
				CLANG_ANALYZER_NONNULL = YES;
				CLANG_ANALYZER_NUMBER_OBJECT_CONVERSION = YES_AGGRESSIVE;
				CLANG_CXX_LANGUAGE_STANDARD = "gnu++20";
				CLANG_ENABLE_MODULES = YES;
				CLANG_ENABLE_OBJC_ARC = YES;
				CLANG_ENABLE_OBJC_WEAK = YES;
				CLANG_WARN_BLOCK_CAPTURE_AUTORELEASING = YES;
				CLANG_WARN_BOOL_CONVERSION = YES;
				CLANG_WARN_COMMA = YES;
				CLANG_WARN_CONSTANT_CONVERSION = YES;
				CLANG_WARN_DEPRECATED_OBJC_IMPLEMENTATIONS = YES;
				CLANG_WARN_DIRECT_OBJC_ISA_USAGE = YES_ERROR;
				CLANG_WARN_DOCUMENTATION_COMMENTS = YES;
				CLANG_WARN_EMPTY_BODY = YES;
				CLANG_WARN_ENUM_CONVERSION = YES;
				CLANG_WARN_INFINITE_RECURSION = YES;
				CLANG_WARN_INT_CONVERSION = YES;
				CLANG_WARN_NON_LITERAL_NULL_CONVERSION = YES;
				CLANG_WARN_OBJC_IMPLICIT_RETAIN_SELF = YES;
				CLANG_WARN_OBJC_LITERAL_CONVERSION = YES;
				CLANG_WARN_OBJC_ROOT_CLASS = YES_ERROR;
				CLANG_WARN_QUOTED_INCLUDE_IN_FRAMEWORK_HEADER = YES;
				CLANG_WARN_RANGE_LOOP_ANALYSIS = YES;
				CLANG_WARN_STRICT_PROTOTYPES = YES;
				CLANG_WARN_SUSPICIOUS_MOVE = YES;
				CLANG_WARN_UNGUARDED_AVAILABILITY = YES_AGGRESSIVE;
				CLANG_WARN_UNREACHABLE_CODE = YES;
				CLANG_WARN__DUPLICATE_METHOD_MATCH = YES;
				COPY_PHASE_STRIP = NO;
				DEBUG_INFORMATION_FORMAT = "dwarf-with-dsym";
				ENABLE_NS_ASSERTIONS = NO;
				ENABLE_STRICT_OBJC_MSGSEND = YES;
				ENABLE_USER_SCRIPT_SANDBOXING = YES;
				GCC_C_LANGUAGE_STANDARD = gnu17;
				GCC_NO_COMMON_BLOCKS = YES;
				GCC_WARN_64_TO_32_BIT_CONVERSION = YES;
				GCC_WARN_ABOUT_RETURN_TYPE = YES_ERROR;
				GCC_WARN_UNDECLARED_SELECTOR = YES;
				GCC_WARN_UNINITIALIZED_AUTOS = YES_AGGRESSIVE;
				GCC_WARN_UNUSED_FUNCTION = YES;
				GCC_WARN_UNUSED_VARIABLE = YES;
				IPHONEOS_DEPLOYMENT_TARGET = 17.0;
				LOCALIZATION_PREFERS_STRING_CATALOGS = YES;
				MTL_ENABLE_DEBUG_INFO = NO;
				MTL_FAST_MATH = YES;
				SDKROOT = iphoneos;
				SWIFT_COMPILATION_MODE = wholemodule;
				VALIDATE_PRODUCT = YES;
			};
			name = Release;
		};
		7FE263652AD805D00012AC9B /* Debug */ = {
			isa = XCBuildConfiguration;
			buildSettings = {
				ASSETCATALOG_COMPILER_ALTERNATE_APPICON_NAMES = "";
				ASSETCATALOG_COMPILER_APPICON_NAME = AppIcon;
				ASSETCATALOG_COMPILER_GLOBAL_ACCENT_COLOR_NAME = AccentColor;
				ASSETCATALOG_COMPILER_INCLUDE_ALL_APPICON_ASSETS = NO;
				CODE_SIGN_STYLE = Automatic;
				CURRENT_PROJECT_VERSION = 1;
				DEVELOPMENT_ASSET_PATHS = "\"Hike/Preview Content\"";
				DEVELOPMENT_TEAM = EPMT7DEL43;
				ENABLE_PREVIEWS = YES;
				GENERATE_INFOPLIST_FILE = YES;
				INFOPLIST_KEY_UIApplicationSceneManifest_Generation = YES;
				INFOPLIST_KEY_UIApplicationSupportsIndirectInputEvents = YES;
				INFOPLIST_KEY_UILaunchScreen_Generation = YES;
				INFOPLIST_KEY_UISupportedInterfaceOrientations_iPad = "UIInterfaceOrientationPortrait UIInterfaceOrientationPortraitUpsideDown UIInterfaceOrientationLandscapeLeft UIInterfaceOrientationLandscapeRight";
				INFOPLIST_KEY_UISupportedInterfaceOrientations_iPhone = "UIInterfaceOrientationPortrait UIInterfaceOrientationLandscapeLeft UIInterfaceOrientationLandscapeRight";
				LD_RUNPATH_SEARCH_PATHS = (
					"$(inherited)",
					"@executable_path/Frameworks",
				);
				MARKETING_VERSION = 1.0;
				PRODUCT_BUNDLE_IDENTIFIER = Tapawan.Hike;
				PRODUCT_NAME = "$(TARGET_NAME)";
				SWIFT_EMIT_LOC_STRINGS = YES;
				SWIFT_VERSION = 5.0;
				TARGETED_DEVICE_FAMILY = "1,2";
			};
			name = Debug;
		};
		7FE263662AD805D00012AC9B /* Release */ = {
			isa = XCBuildConfiguration;
			buildSettings = {
				ASSETCATALOG_COMPILER_ALTERNATE_APPICON_NAMES = "";
				ASSETCATALOG_COMPILER_APPICON_NAME = AppIcon;
				ASSETCATALOG_COMPILER_GLOBAL_ACCENT_COLOR_NAME = AccentColor;
				ASSETCATALOG_COMPILER_INCLUDE_ALL_APPICON_ASSETS = NO;
				CODE_SIGN_STYLE = Automatic;
				CURRENT_PROJECT_VERSION = 1;
				DEVELOPMENT_ASSET_PATHS = "\"Hike/Preview Content\"";
				DEVELOPMENT_TEAM = EPMT7DEL43;
				ENABLE_PREVIEWS = YES;
				GENERATE_INFOPLIST_FILE = YES;
				INFOPLIST_KEY_UIApplicationSceneManifest_Generation = YES;
				INFOPLIST_KEY_UIApplicationSupportsIndirectInputEvents = YES;
				INFOPLIST_KEY_UILaunchScreen_Generation = YES;
				INFOPLIST_KEY_UISupportedInterfaceOrientations_iPad = "UIInterfaceOrientationPortrait UIInterfaceOrientationPortraitUpsideDown UIInterfaceOrientationLandscapeLeft UIInterfaceOrientationLandscapeRight";
				INFOPLIST_KEY_UISupportedInterfaceOrientations_iPhone = "UIInterfaceOrientationPortrait UIInterfaceOrientationLandscapeLeft UIInterfaceOrientationLandscapeRight";
				LD_RUNPATH_SEARCH_PATHS = (
					"$(inherited)",
					"@executable_path/Frameworks",
				);
				MARKETING_VERSION = 1.0;
				PRODUCT_BUNDLE_IDENTIFIER = Tapawan.Hike;
				PRODUCT_NAME = "$(TARGET_NAME)";
				SWIFT_EMIT_LOC_STRINGS = YES;
				SWIFT_VERSION = 5.0;
				TARGETED_DEVICE_FAMILY = "1,2";
			};
			name = Release;
		};
/* End XCBuildConfiguration section */

/* Begin XCConfigurationList section */
		7FE263512AD805CE0012AC9B /* Build configuration list for PBXProject "Hike" */ = {
			isa = XCConfigurationList;
			buildConfigurations = (
				7FE263622AD805D00012AC9B /* Debug */,
				7FE263632AD805D00012AC9B /* Release */,
			);
			defaultConfigurationIsVisible = 0;
			defaultConfigurationName = Release;
		};
		7FE263642AD805D00012AC9B /* Build configuration list for PBXNativeTarget "Hike" */ = {
			isa = XCConfigurationList;
			buildConfigurations = (
				7FE263652AD805D00012AC9B /* Debug */,
				7FE263662AD805D00012AC9B /* Release */,
			);
			defaultConfigurationIsVisible = 0;
			defaultConfigurationName = Release;
		};
/* End XCConfigurationList section */
	};
	rootObject = 7FE2634E2AD805CE0012AC9B /* Project object */;
}
